
Microsoft Visual Studio Solution File, Format Version 12.00
# Visual Studio 15
VisualStudioVersion = 15.0.28307.136
MinimumVisualStudioVersion = 10.0.40219.1
Project("{FAE04EC0-301F-11D3-BF4B-00C04F79EFBC}") = "Nunit.Begineers", "Nunit.Begineers\Nunit.Begineers.csproj", "{2ACFCD7D-8BCA-4688-9374-D104C416D4D3}"
EndProject
Global
	GlobalSection(SolutionConfigurationPlatforms) = preSolution
		Debug|Any CPU = Debug|Any CPU
		Release|Any CPU = Release|Any CPU
	EndGlobalSection
	GlobalSection(ProjectConfigurationPlatforms) = postSolution
		{2ACFCD7D-8BCA-4688-9374-D104C416D4D3}.Debug|Any CPU.ActiveCfg = Debug|Any CPU
		{2ACFCD7D-8BCA-4688-9374-D104C416D4D3}.Debug|Any CPU.Build.0 = Debug|Any CPU
		{2ACFCD7D-8BCA-4688-9374-D104C416D4D3}.Release|Any CPU.ActiveCfg = Release|Any CPU
		{2ACFCD7D-8BCA-4688-9374-D104C416D4D3}.Release|Any CPU.Build.0 = Release|Any CPU
	EndGlobalSection
	GlobalSection(SolutionProperties) = preSolution
		HideSolutionNode = FALSE
	EndGlobalSection
	GlobalSection(ExtensibilityGlobals) = postSolution
		SolutionGuid = {3C09B274-1AC5-472B-800F-72A35EC35C36}
	EndGlobalSection
EndGlobal
